// !$*UTF8*$!
{
	archiveVersion = 1;
	classes = {
	};
	objectVersion = 50;
	objects = {

/* Begin PBXBuildFile section */
		4DA0248F43050F90DF341323 /* Pods_ConvertingImage.framework in Frameworks */ = {isa = PBXBuildFile; fileRef = 8181E092462EF4A08FF8D20D /* Pods_ConvertingImage.framework */; };
		673985955AAB7A70D89BD027 /* Pods_ConvertingImageTests.framework in Frameworks */ = {isa = PBXBuildFile; fileRef = 143179CDD3149BEBC7BBE223 /* Pods_ConvertingImageTests.framework */; };
		D419B2E421C4F78200ADA876 /* NibLoadable.swift in Sources */ = {isa = PBXBuildFile; fileRef = D419B2E321C4F78200ADA876 /* NibLoadable.swift */; };
		D419B2E921C4F81000ADA876 /* UICollectionView+Reusable.swift in Sources */ = {isa = PBXBuildFile; fileRef = D419B2E821C4F81000ADA876 /* UICollectionView+Reusable.swift */; };
		D419B2EB21C4F82500ADA876 /* Reusable.swift in Sources */ = {isa = PBXBuildFile; fileRef = D419B2EA21C4F82500ADA876 /* Reusable.swift */; };
		D43B036B21C5477F00A123D9 /* SentenceRequest.swift in Sources */ = {isa = PBXBuildFile; fileRef = D43B036A21C5477F00A123D9 /* SentenceRequest.swift */; };
		D44C0A1321C550B70018AC23 /* SentenceListViewController.swift in Sources */ = {isa = PBXBuildFile; fileRef = D44C0A1221C550B70018AC23 /* SentenceListViewController.swift */; };
		D44C0A1521C550C30018AC23 /* SentenceListViewController.storyboard in Resources */ = {isa = PBXBuildFile; fileRef = D44C0A1421C550C30018AC23 /* SentenceListViewController.storyboard */; };
		D44C0A1821C555F80018AC23 /* SentenceMorphologicalAnalysis.swift in Sources */ = {isa = PBXBuildFile; fileRef = D44C0A1721C555F80018AC23 /* SentenceMorphologicalAnalysis.swift */; };
		D44C0A1B21C556240018AC23 /* SentenceMorphologicalAnalysisTests.swift in Sources */ = {isa = PBXBuildFile; fileRef = D44C0A1A21C556240018AC23 /* SentenceMorphologicalAnalysisTests.swift */; };
		D44C0A1D21C556ED0018AC23 /* StoryboardBased.swift in Sources */ = {isa = PBXBuildFile; fileRef = D44C0A1C21C556ED0018AC23 /* StoryboardBased.swift */; };
		D46CA18321C4C31A009562E0 /* AppDelegate.swift in Sources */ = {isa = PBXBuildFile; fileRef = D46CA18221C4C31A009562E0 /* AppDelegate.swift */; };
		D46CA18521C4C31A009562E0 /* ViewController.swift in Sources */ = {isa = PBXBuildFile; fileRef = D46CA18421C4C31A009562E0 /* ViewController.swift */; };
		D46CA18821C4C31A009562E0 /* Main.storyboard in Resources */ = {isa = PBXBuildFile; fileRef = D46CA18621C4C31A009562E0 /* Main.storyboard */; };
		D46CA18A21C4C31C009562E0 /* Assets.xcassets in Resources */ = {isa = PBXBuildFile; fileRef = D46CA18921C4C31C009562E0 /* Assets.xcassets */; };
		D46CA18D21C4C31C009562E0 /* LaunchScreen.storyboard in Resources */ = {isa = PBXBuildFile; fileRef = D46CA18B21C4C31C009562E0 /* LaunchScreen.storyboard */; };
		D46CA19821C4C31C009562E0 /* ConvertingImageTests.swift in Sources */ = {isa = PBXBuildFile; fileRef = D46CA19721C4C31C009562E0 /* ConvertingImageTests.swift */; };
		D46CA1A521C4C47A009562E0 /* SentenceConvertingCollectionViewCell.swift in Sources */ = {isa = PBXBuildFile; fileRef = D46CA1A321C4C47A009562E0 /* SentenceConvertingCollectionViewCell.swift */; };
		D46CA1A621C4C47A009562E0 /* SentenceConvertingCollectionViewCell.xib in Resources */ = {isa = PBXBuildFile; fileRef = D46CA1A421C4C47A009562E0 /* SentenceConvertingCollectionViewCell.xib */; };
		D46CA1AB21C4C4DA009562E0 /* SentenceConvertingViewController.swift in Sources */ = {isa = PBXBuildFile; fileRef = D46CA1AA21C4C4DA009562E0 /* SentenceConvertingViewController.swift */; };
		D46CA1AD21C4C4F2009562E0 /* SentenceConvertingViewController.storyboard in Resources */ = {isa = PBXBuildFile; fileRef = D46CA1AC21C4C4F2009562E0 /* SentenceConvertingViewController.storyboard */; };
		D46CA1B021C4C54A009562E0 /* SentenceConvertingPresenter.swift in Sources */ = {isa = PBXBuildFile; fileRef = D46CA1AF21C4C54A009562E0 /* SentenceConvertingPresenter.swift */; };
		D46CA1B321C4C573009562E0 /* SentenceConvertingModel.swift in Sources */ = {isa = PBXBuildFile; fileRef = D46CA1B221C4C573009562E0 /* SentenceConvertingModel.swift */; };
/* End PBXBuildFile section */

/* Begin PBXContainerItemProxy section */
		D46CA19421C4C31C009562E0 /* PBXContainerItemProxy */ = {
			isa = PBXContainerItemProxy;
			containerPortal = D46CA17721C4C319009562E0 /* Project object */;
			proxyType = 1;
			remoteGlobalIDString = D46CA17E21C4C319009562E0;
			remoteInfo = ConvertingImage;
		};
/* End PBXContainerItemProxy section */

/* Begin PBXFileReference section */
		143179CDD3149BEBC7BBE223 /* Pods_ConvertingImageTests.framework */ = {isa = PBXFileReference; explicitFileType = wrapper.framework; includeInIndex = 0; path = Pods_ConvertingImageTests.framework; sourceTree = BUILT_PRODUCTS_DIR; };
		7C30726C6DCFD06806425B96 /* Pods-ConvertingImage.release.xcconfig */ = {isa = PBXFileReference; includeInIndex = 1; lastKnownFileType = text.xcconfig; name = "Pods-ConvertingImage.release.xcconfig"; path = "Pods/Target Support Files/Pods-ConvertingImage/Pods-ConvertingImage.release.xcconfig"; sourceTree = "<group>"; };
		8181E092462EF4A08FF8D20D /* Pods_ConvertingImage.framework */ = {isa = PBXFileReference; explicitFileType = wrapper.framework; includeInIndex = 0; path = Pods_ConvertingImage.framework; sourceTree = BUILT_PRODUCTS_DIR; };
		939F289384A0A952C36CCBC8 /* Pods-ConvertingImageTests.debug.xcconfig */ = {isa = PBXFileReference; includeInIndex = 1; lastKnownFileType = text.xcconfig; name = "Pods-ConvertingImageTests.debug.xcconfig"; path = "Pods/Target Support Files/Pods-ConvertingImageTests/Pods-ConvertingImageTests.debug.xcconfig"; sourceTree = "<group>"; };
		A86A060985744965C2466D5E /* Pods-ConvertingImage.debug.xcconfig */ = {isa = PBXFileReference; includeInIndex = 1; lastKnownFileType = text.xcconfig; name = "Pods-ConvertingImage.debug.xcconfig"; path = "Pods/Target Support Files/Pods-ConvertingImage/Pods-ConvertingImage.debug.xcconfig"; sourceTree = "<group>"; };
		D419B2E321C4F78200ADA876 /* NibLoadable.swift */ = {isa = PBXFileReference; lastKnownFileType = sourcecode.swift; path = NibLoadable.swift; sourceTree = "<group>"; };
		D419B2E821C4F81000ADA876 /* UICollectionView+Reusable.swift */ = {isa = PBXFileReference; lastKnownFileType = sourcecode.swift; path = "UICollectionView+Reusable.swift"; sourceTree = "<group>"; };
		D419B2EA21C4F82500ADA876 /* Reusable.swift */ = {isa = PBXFileReference; lastKnownFileType = sourcecode.swift; path = Reusable.swift; sourceTree = "<group>"; };
		D43B036A21C5477F00A123D9 /* SentenceRequest.swift */ = {isa = PBXFileReference; lastKnownFileType = sourcecode.swift; path = SentenceRequest.swift; sourceTree = "<group>"; };
		D44C0A1221C550B70018AC23 /* SentenceListViewController.swift */ = {isa = PBXFileReference; lastKnownFileType = sourcecode.swift; path = SentenceListViewController.swift; sourceTree = "<group>"; };
		D44C0A1421C550C30018AC23 /* SentenceListViewController.storyboard */ = {isa = PBXFileReference; lastKnownFileType = file.storyboard; path = SentenceListViewController.storyboard; sourceTree = "<group>"; };
		D44C0A1721C555F80018AC23 /* SentenceMorphologicalAnalysis.swift */ = {isa = PBXFileReference; lastKnownFileType = sourcecode.swift; path = SentenceMorphologicalAnalysis.swift; sourceTree = "<group>"; };
		D44C0A1A21C556240018AC23 /* SentenceMorphologicalAnalysisTests.swift */ = {isa = PBXFileReference; lastKnownFileType = sourcecode.swift; path = SentenceMorphologicalAnalysisTests.swift; sourceTree = "<group>"; };
		D44C0A1C21C556ED0018AC23 /* StoryboardBased.swift */ = {isa = PBXFileReference; lastKnownFileType = sourcecode.swift; path = StoryboardBased.swift; sourceTree = "<group>"; };
		D46CA17F21C4C319009562E0 /* ConvertingImage.app */ = {isa = PBXFileReference; explicitFileType = wrapper.application; includeInIndex = 0; path = ConvertingImage.app; sourceTree = BUILT_PRODUCTS_DIR; };
		D46CA18221C4C31A009562E0 /* AppDelegate.swift */ = {isa = PBXFileReference; lastKnownFileType = sourcecode.swift; path = AppDelegate.swift; sourceTree = "<group>"; };
		D46CA18421C4C31A009562E0 /* ViewController.swift */ = {isa = PBXFileReference; lastKnownFileType = sourcecode.swift; path = ViewController.swift; sourceTree = "<group>"; };
		D46CA18721C4C31A009562E0 /* Base */ = {isa = PBXFileReference; lastKnownFileType = file.storyboard; name = Base; path = Base.lproj/Main.storyboard; sourceTree = "<group>"; };
		D46CA18921C4C31C009562E0 /* Assets.xcassets */ = {isa = PBXFileReference; lastKnownFileType = folder.assetcatalog; path = Assets.xcassets; sourceTree = "<group>"; };
		D46CA18C21C4C31C009562E0 /* Base */ = {isa = PBXFileReference; lastKnownFileType = file.storyboard; name = Base; path = Base.lproj/LaunchScreen.storyboard; sourceTree = "<group>"; };
		D46CA18E21C4C31C009562E0 /* Info.plist */ = {isa = PBXFileReference; lastKnownFileType = text.plist.xml; path = Info.plist; sourceTree = "<group>"; };
		D46CA19321C4C31C009562E0 /* ConvertingImageTests.xctest */ = {isa = PBXFileReference; explicitFileType = wrapper.cfbundle; includeInIndex = 0; path = ConvertingImageTests.xctest; sourceTree = BUILT_PRODUCTS_DIR; };
		D46CA19721C4C31C009562E0 /* ConvertingImageTests.swift */ = {isa = PBXFileReference; lastKnownFileType = sourcecode.swift; path = ConvertingImageTests.swift; sourceTree = "<group>"; };
		D46CA19921C4C31C009562E0 /* Info.plist */ = {isa = PBXFileReference; lastKnownFileType = text.plist.xml; path = Info.plist; sourceTree = "<group>"; };
		D46CA1A321C4C47A009562E0 /* SentenceConvertingCollectionViewCell.swift */ = {isa = PBXFileReference; lastKnownFileType = sourcecode.swift; path = SentenceConvertingCollectionViewCell.swift; sourceTree = "<group>"; };
		D46CA1A421C4C47A009562E0 /* SentenceConvertingCollectionViewCell.xib */ = {isa = PBXFileReference; lastKnownFileType = file.xib; path = SentenceConvertingCollectionViewCell.xib; sourceTree = "<group>"; };
		D46CA1AA21C4C4DA009562E0 /* SentenceConvertingViewController.swift */ = {isa = PBXFileReference; lastKnownFileType = sourcecode.swift; path = SentenceConvertingViewController.swift; sourceTree = "<group>"; };
		D46CA1AC21C4C4F2009562E0 /* SentenceConvertingViewController.storyboard */ = {isa = PBXFileReference; lastKnownFileType = file.storyboard; path = SentenceConvertingViewController.storyboard; sourceTree = "<group>"; };
		D46CA1AF21C4C54A009562E0 /* SentenceConvertingPresenter.swift */ = {isa = PBXFileReference; lastKnownFileType = sourcecode.swift; path = SentenceConvertingPresenter.swift; sourceTree = "<group>"; };
		D46CA1B221C4C573009562E0 /* SentenceConvertingModel.swift */ = {isa = PBXFileReference; lastKnownFileType = sourcecode.swift; path = SentenceConvertingModel.swift; sourceTree = "<group>"; };
		D54A4AB1AC1745390203C0D9 /* Pods-ConvertingImageTests.release.xcconfig */ = {isa = PBXFileReference; includeInIndex = 1; lastKnownFileType = text.xcconfig; name = "Pods-ConvertingImageTests.release.xcconfig"; path = "Pods/Target Support Files/Pods-ConvertingImageTests/Pods-ConvertingImageTests.release.xcconfig"; sourceTree = "<group>"; };
/* End PBXFileReference section */

/* Begin PBXFrameworksBuildPhase section */
		D46CA17C21C4C319009562E0 /* Frameworks */ = {
			isa = PBXFrameworksBuildPhase;
			buildActionMask = 2147483647;
			files = (
				4DA0248F43050F90DF341323 /* Pods_ConvertingImage.framework in Frameworks */,
			);
			runOnlyForDeploymentPostprocessing = 0;
		};
		D46CA19021C4C31C009562E0 /* Frameworks */ = {
			isa = PBXFrameworksBuildPhase;
			buildActionMask = 2147483647;
			files = (
				673985955AAB7A70D89BD027 /* Pods_ConvertingImageTests.framework in Frameworks */,
			);
			runOnlyForDeploymentPostprocessing = 0;
		};
/* End PBXFrameworksBuildPhase section */

/* Begin PBXGroup section */
		A4D412FE601DC11183217593 /* Pods */ = {
			isa = PBXGroup;
			children = (
				A86A060985744965C2466D5E /* Pods-ConvertingImage.debug.xcconfig */,
				7C30726C6DCFD06806425B96 /* Pods-ConvertingImage.release.xcconfig */,
				939F289384A0A952C36CCBC8 /* Pods-ConvertingImageTests.debug.xcconfig */,
				D54A4AB1AC1745390203C0D9 /* Pods-ConvertingImageTests.release.xcconfig */,
			);
			name = Pods;
			sourceTree = "<group>";
		};
		C3C5EA8E61F3FC2C8225F7CF /* Frameworks */ = {
			isa = PBXGroup;
			children = (
				8181E092462EF4A08FF8D20D /* Pods_ConvertingImage.framework */,
				143179CDD3149BEBC7BBE223 /* Pods_ConvertingImageTests.framework */,
			);
			name = Frameworks;
			sourceTree = "<group>";
		};
		D419B2E221C4F77600ADA876 /* Protocol */ = {
			isa = PBXGroup;
			children = (
				D419B2E321C4F78200ADA876 /* NibLoadable.swift */,
				D419B2E821C4F81000ADA876 /* UICollectionView+Reusable.swift */,
				D419B2EA21C4F82500ADA876 /* Reusable.swift */,
				D44C0A1C21C556ED0018AC23 /* StoryboardBased.swift */,
			);
			path = Protocol;
			sourceTree = "<group>";
		};
		D43B036921C5477200A123D9 /* Request */ = {
			isa = PBXGroup;
			children = (
				D43B036A21C5477F00A123D9 /* SentenceRequest.swift */,
			);
			path = Request;
			sourceTree = "<group>";
		};
		D44C0A1121C550A60018AC23 /* SentenceList */ = {
			isa = PBXGroup;
			children = (
				D44C0A1221C550B70018AC23 /* SentenceListViewController.swift */,
				D44C0A1421C550C30018AC23 /* SentenceListViewController.storyboard */,
			);
			path = SentenceList;
			sourceTree = "<group>";
		};
		D44C0A1621C555D40018AC23 /* Service */ = {
			isa = PBXGroup;
			children = (
				D44C0A1721C555F80018AC23 /* SentenceMorphologicalAnalysis.swift */,
			);
			path = Service;
			sourceTree = "<group>";
		};
		D44C0A1921C556170018AC23 /* Service */ = {
			isa = PBXGroup;
			children = (
				D44C0A1A21C556240018AC23 /* SentenceMorphologicalAnalysisTests.swift */,
			);
			path = Service;
			sourceTree = "<group>";
		};
		D46CA17621C4C319009562E0 = {
			isa = PBXGroup;
			children = (
				D46CA18121C4C319009562E0 /* ConvertingImage */,
				D46CA19621C4C31C009562E0 /* ConvertingImageTests */,
				D46CA18021C4C319009562E0 /* Products */,
				A4D412FE601DC11183217593 /* Pods */,
				C3C5EA8E61F3FC2C8225F7CF /* Frameworks */,
			);
			sourceTree = "<group>";
		};
		D46CA18021C4C319009562E0 /* Products */ = {
			isa = PBXGroup;
			children = (
				D46CA17F21C4C319009562E0 /* ConvertingImage.app */,
				D46CA19321C4C31C009562E0 /* ConvertingImageTests.xctest */,
			);
			name = Products;
			sourceTree = "<group>";
		};
		D46CA18121C4C319009562E0 /* ConvertingImage */ = {
			isa = PBXGroup;
			children = (
				D44C0A1621C555D40018AC23 /* Service */,
				D419B2E221C4F77600ADA876 /* Protocol */,
				D43B036921C5477200A123D9 /* Request */,
				D46CA1B121C4C563009562E0 /* Model */,
				D46CA1AE21C4C53A009562E0 /* Presenter */,
				D46CA1A221C4C43D009562E0 /* View */,
				D46CA18221C4C31A009562E0 /* AppDelegate.swift */,
				D46CA18421C4C31A009562E0 /* ViewController.swift */,
				D46CA18621C4C31A009562E0 /* Main.storyboard */,
				D46CA18921C4C31C009562E0 /* Assets.xcassets */,
				D46CA18B21C4C31C009562E0 /* LaunchScreen.storyboard */,
				D46CA18E21C4C31C009562E0 /* Info.plist */,
			);
			path = ConvertingImage;
			sourceTree = "<group>";
		};
		D46CA19621C4C31C009562E0 /* ConvertingImageTests */ = {
			isa = PBXGroup;
			children = (
				D44C0A1921C556170018AC23 /* Service */,
				D46CA19721C4C31C009562E0 /* ConvertingImageTests.swift */,
				D46CA19921C4C31C009562E0 /* Info.plist */,
			);
			path = ConvertingImageTests;
			sourceTree = "<group>";
		};
		D46CA1A221C4C43D009562E0 /* View */ = {
			isa = PBXGroup;
			children = (
				D44C0A1121C550A60018AC23 /* SentenceList */,
				D46CA1A721C4C48C009562E0 /* SentenceConverting */,
			);
			path = View;
			sourceTree = "<group>";
		};
		D46CA1A721C4C48C009562E0 /* SentenceConverting */ = {
			isa = PBXGroup;
			children = (
				D46CA1A321C4C47A009562E0 /* SentenceConvertingCollectionViewCell.swift */,
				D46CA1A421C4C47A009562E0 /* SentenceConvertingCollectionViewCell.xib */,
				D46CA1AA21C4C4DA009562E0 /* SentenceConvertingViewController.swift */,
				D46CA1AC21C4C4F2009562E0 /* SentenceConvertingViewController.storyboard */,
			);
			path = SentenceConverting;
			sourceTree = "<group>";
		};
		D46CA1AE21C4C53A009562E0 /* Presenter */ = {
			isa = PBXGroup;
			children = (
				D46CA1AF21C4C54A009562E0 /* SentenceConvertingPresenter.swift */,
			);
			path = Presenter;
			sourceTree = "<group>";
		};
		D46CA1B121C4C563009562E0 /* Model */ = {
			isa = PBXGroup;
			children = (
				D46CA1B221C4C573009562E0 /* SentenceConvertingModel.swift */,
			);
			path = Model;
			sourceTree = "<group>";
		};
/* End PBXGroup section */

/* Begin PBXNativeTarget section */
		D46CA17E21C4C319009562E0 /* ConvertingImage */ = {
			isa = PBXNativeTarget;
			buildConfigurationList = D46CA19C21C4C31C009562E0 /* Build configuration list for PBXNativeTarget "ConvertingImage" */;
			buildPhases = (
				C365DD094B55BFF89CE5CD06 /* [CP] Check Pods Manifest.lock */,
				D46CA17B21C4C319009562E0 /* Sources */,
				D46CA17C21C4C319009562E0 /* Frameworks */,
				D46CA17D21C4C319009562E0 /* Resources */,
				4CB950206E5CA5555220472A /* [CP] Embed Pods Frameworks */,
			);
			buildRules = (
			);
			dependencies = (
			);
			name = ConvertingImage;
			productName = ConvertingImage;
			productReference = D46CA17F21C4C319009562E0 /* ConvertingImage.app */;
			productType = "com.apple.product-type.application";
		};
		D46CA19221C4C31C009562E0 /* ConvertingImageTests */ = {
			isa = PBXNativeTarget;
			buildConfigurationList = D46CA19F21C4C31C009562E0 /* Build configuration list for PBXNativeTarget "ConvertingImageTests" */;
			buildPhases = (
				7805E07CEA38DCFAC9727C44 /* [CP] Check Pods Manifest.lock */,
				D46CA18F21C4C31C009562E0 /* Sources */,
				D46CA19021C4C31C009562E0 /* Frameworks */,
				D46CA19121C4C31C009562E0 /* Resources */,
			);
			buildRules = (
			);
			dependencies = (
				D46CA19521C4C31C009562E0 /* PBXTargetDependency */,
			);
			name = ConvertingImageTests;
			productName = ConvertingImageTests;
			productReference = D46CA19321C4C31C009562E0 /* ConvertingImageTests.xctest */;
			productType = "com.apple.product-type.bundle.unit-test";
		};
/* End PBXNativeTarget section */

/* Begin PBXProject section */
		D46CA17721C4C319009562E0 /* Project object */ = {
			isa = PBXProject;
			attributes = {
				LastSwiftUpdateCheck = 1010;
				LastUpgradeCheck = 1010;
				ORGANIZATIONNAME = "Shinji Kurosawa";
				TargetAttributes = {
					D46CA17E21C4C319009562E0 = {
						CreatedOnToolsVersion = 10.1;
					};
					D46CA19221C4C31C009562E0 = {
						CreatedOnToolsVersion = 10.1;
						TestTargetID = D46CA17E21C4C319009562E0;
					};
				};
			};
			buildConfigurationList = D46CA17A21C4C319009562E0 /* Build configuration list for PBXProject "ConvertingImage" */;
			compatibilityVersion = "Xcode 9.3";
			developmentRegion = en;
			hasScannedForEncodings = 0;
			knownRegions = (
				en,
				Base,
			);
			mainGroup = D46CA17621C4C319009562E0;
			productRefGroup = D46CA18021C4C319009562E0 /* Products */;
			projectDirPath = "";
			projectRoot = "";
			targets = (
				D46CA17E21C4C319009562E0 /* ConvertingImage */,
				D46CA19221C4C31C009562E0 /* ConvertingImageTests */,
			);
		};
/* End PBXProject section */

/* Begin PBXResourcesBuildPhase section */
		D46CA17D21C4C319009562E0 /* Resources */ = {
			isa = PBXResourcesBuildPhase;
			buildActionMask = 2147483647;
			files = (
				D46CA1A621C4C47A009562E0 /* SentenceConvertingCollectionViewCell.xib in Resources */,
				D46CA1AD21C4C4F2009562E0 /* SentenceConvertingViewController.storyboard in Resources */,
				D44C0A1521C550C30018AC23 /* SentenceListViewController.storyboard in Resources */,
				D46CA18D21C4C31C009562E0 /* LaunchScreen.storyboard in Resources */,
				D46CA18A21C4C31C009562E0 /* Assets.xcassets in Resources */,
				D46CA18821C4C31A009562E0 /* Main.storyboard in Resources */,
			);
			runOnlyForDeploymentPostprocessing = 0;
		};
		D46CA19121C4C31C009562E0 /* Resources */ = {
			isa = PBXResourcesBuildPhase;
			buildActionMask = 2147483647;
			files = (
			);
			runOnlyForDeploymentPostprocessing = 0;
		};
/* End PBXResourcesBuildPhase section */

/* Begin PBXShellScriptBuildPhase section */
		4CB950206E5CA5555220472A /* [CP] Embed Pods Frameworks */ = {
			isa = PBXShellScriptBuildPhase;
			buildActionMask = 2147483647;
			files = (
			);
			inputPaths = (
				"${SRCROOT}/Pods/Target Support Files/Pods-ConvertingImage/Pods-ConvertingImage-frameworks.sh",
				"${BUILT_PRODUCTS_DIR}/APIKit/APIKit.framework",
				"${BUILT_PRODUCTS_DIR}/Result/Result.framework",
			);
			name = "[CP] Embed Pods Frameworks";
			outputPaths = (
				"${TARGET_BUILD_DIR}/${FRAMEWORKS_FOLDER_PATH}/APIKit.framework",
				"${TARGET_BUILD_DIR}/${FRAMEWORKS_FOLDER_PATH}/Result.framework",
			);
			runOnlyForDeploymentPostprocessing = 0;
			shellPath = /bin/sh;
			shellScript = "\"${SRCROOT}/Pods/Target Support Files/Pods-ConvertingImage/Pods-ConvertingImage-frameworks.sh\"\n";
			showEnvVarsInLog = 0;
		};
		7805E07CEA38DCFAC9727C44 /* [CP] Check Pods Manifest.lock */ = {
			isa = PBXShellScriptBuildPhase;
			buildActionMask = 2147483647;
			files = (
			);
			inputPaths = (
				"${PODS_PODFILE_DIR_PATH}/Podfile.lock",
				"${PODS_ROOT}/Manifest.lock",
			);
			name = "[CP] Check Pods Manifest.lock";
			outputPaths = (
				"$(DERIVED_FILE_DIR)/Pods-ConvertingImageTests-checkManifestLockResult.txt",
			);
			runOnlyForDeploymentPostprocessing = 0;
			shellPath = /bin/sh;
			shellScript = "diff \"${PODS_PODFILE_DIR_PATH}/Podfile.lock\" \"${PODS_ROOT}/Manifest.lock\" > /dev/null\nif [ $? != 0 ] ; then\n    # print error to STDERR\n    echo \"error: The sandbox is not in sync with the Podfile.lock. Run 'pod install' or update your CocoaPods installation.\" >&2\n    exit 1\nfi\n# This output is used by Xcode 'outputs' to avoid re-running this script phase.\necho \"SUCCESS\" > \"${SCRIPT_OUTPUT_FILE_0}\"\n";
			showEnvVarsInLog = 0;
		};
		C365DD094B55BFF89CE5CD06 /* [CP] Check Pods Manifest.lock */ = {
			isa = PBXShellScriptBuildPhase;
			buildActionMask = 2147483647;
			files = (
			);
			inputPaths = (
				"${PODS_PODFILE_DIR_PATH}/Podfile.lock",
				"${PODS_ROOT}/Manifest.lock",
			);
			name = "[CP] Check Pods Manifest.lock";
			outputPaths = (
				"$(DERIVED_FILE_DIR)/Pods-ConvertingImage-checkManifestLockResult.txt",
			);
			runOnlyForDeploymentPostprocessing = 0;
			shellPath = /bin/sh;
			shellScript = "diff \"${PODS_PODFILE_DIR_PATH}/Podfile.lock\" \"${PODS_ROOT}/Manifest.lock\" > /dev/null\nif [ $? != 0 ] ; then\n    # print error to STDERR\n    echo \"error: The sandbox is not in sync with the Podfile.lock. Run 'pod install' or update your CocoaPods installation.\" >&2\n    exit 1\nfi\n# This output is used by Xcode 'outputs' to avoid re-running this script phase.\necho \"SUCCESS\" > \"${SCRIPT_OUTPUT_FILE_0}\"\n";
			showEnvVarsInLog = 0;
		};
/* End PBXShellScriptBuildPhase section */

/* Begin PBXSourcesBuildPhase section */
		D46CA17B21C4C319009562E0 /* Sources */ = {
			isa = PBXSourcesBuildPhase;
			buildActionMask = 2147483647;
			files = (
				D46CA1AB21C4C4DA009562E0 /* SentenceConvertingViewController.swift in Sources */,
				D46CA1B321C4C573009562E0 /* SentenceConvertingModel.swift in Sources */,
				D419B2E421C4F78200ADA876 /* NibLoadable.swift in Sources */,
				D44C0A1821C555F80018AC23 /* SentenceMorphologicalAnalysis.swift in Sources */,
				D419B2EB21C4F82500ADA876 /* Reusable.swift in Sources */,
				D46CA18521C4C31A009562E0 /* ViewController.swift in Sources */,
				D46CA1B021C4C54A009562E0 /* SentenceConvertingPresenter.swift in Sources */,
				D44C0A1321C550B70018AC23 /* SentenceListViewController.swift in Sources */,
				D419B2E921C4F81000ADA876 /* UICollectionView+Reusable.swift in Sources */,
				D44C0A1D21C556ED0018AC23 /* StoryboardBased.swift in Sources */,
				D46CA18321C4C31A009562E0 /* AppDelegate.swift in Sources */,
				D43B036B21C5477F00A123D9 /* SentenceRequest.swift in Sources */,
				D46CA1A521C4C47A009562E0 /* SentenceConvertingCollectionViewCell.swift in Sources */,
			);
			runOnlyForDeploymentPostprocessing = 0;
		};
		D46CA18F21C4C31C009562E0 /* Sources */ = {
			isa = PBXSourcesBuildPhase;
			buildActionMask = 2147483647;
			files = (
				D46CA19821C4C31C009562E0 /* ConvertingImageTests.swift in Sources */,
				D44C0A1B21C556240018AC23 /* SentenceMorphologicalAnalysisTests.swift in Sources */,
			);
			runOnlyForDeploymentPostprocessing = 0;
		};
/* End PBXSourcesBuildPhase section */

/* Begin PBXTargetDependency section */
		D46CA19521C4C31C009562E0 /* PBXTargetDependency */ = {
			isa = PBXTargetDependency;
			target = D46CA17E21C4C319009562E0 /* ConvertingImage */;
			targetProxy = D46CA19421C4C31C009562E0 /* PBXContainerItemProxy */;
		};
/* End PBXTargetDependency section */

/* Begin PBXVariantGroup section */
		D46CA18621C4C31A009562E0 /* Main.storyboard */ = {
			isa = PBXVariantGroup;
			children = (
				D46CA18721C4C31A009562E0 /* Base */,
			);
			name = Main.storyboard;
			sourceTree = "<group>";
		};
		D46CA18B21C4C31C009562E0 /* LaunchScreen.storyboard */ = {
			isa = PBXVariantGroup;
			children = (
				D46CA18C21C4C31C009562E0 /* Base */,
			);
			name = LaunchScreen.storyboard;
			sourceTree = "<group>";
		};
/* End PBXVariantGroup section */

/* Begin XCBuildConfiguration section */
		D46CA19A21C4C31C009562E0 /* Debug */ = {
			isa = XCBuildConfiguration;
			buildSettings = {
				ALWAYS_SEARCH_USER_PATHS = NO;
				CLANG_ANALYZER_NONNULL = YES;
				CLANG_ANALYZER_NUMBER_OBJECT_CONVERSION = YES_AGGRESSIVE;
				CLANG_CXX_LANGUAGE_STANDARD = "gnu++14";
				CLANG_CXX_LIBRARY = "libc++";
				CLANG_ENABLE_MODULES = YES;
				CLANG_ENABLE_OBJC_ARC = YES;
				CLANG_ENABLE_OBJC_WEAK = YES;
				CLANG_WARN_BLOCK_CAPTURE_AUTORELEASING = YES;
				CLANG_WARN_BOOL_CONVERSION = YES;
				CLANG_WARN_COMMA = YES;
				CLANG_WARN_CONSTANT_CONVERSION = YES;
				CLANG_WARN_DEPRECATED_OBJC_IMPLEMENTATIONS = YES;
				CLANG_WARN_DIRECT_OBJC_ISA_USAGE = YES_ERROR;
				CLANG_WARN_DOCUMENTATION_COMMENTS = YES;
				CLANG_WARN_EMPTY_BODY = YES;
				CLANG_WARN_ENUM_CONVERSION = YES;
				CLANG_WARN_INFINITE_RECURSION = YES;
				CLANG_WARN_INT_CONVERSION = YES;
				CLANG_WARN_NON_LITERAL_NULL_CONVERSION = YES;
				CLANG_WARN_OBJC_IMPLICIT_RETAIN_SELF = YES;
				CLANG_WARN_OBJC_LITERAL_CONVERSION = YES;
				CLANG_WARN_OBJC_ROOT_CLASS = YES_ERROR;
				CLANG_WARN_RANGE_LOOP_ANALYSIS = YES;
				CLANG_WARN_STRICT_PROTOTYPES = YES;
				CLANG_WARN_SUSPICIOUS_MOVE = YES;
				CLANG_WARN_UNGUARDED_AVAILABILITY = YES_AGGRESSIVE;
				CLANG_WARN_UNREACHABLE_CODE = YES;
				CLANG_WARN__DUPLICATE_METHOD_MATCH = YES;
				CODE_SIGN_IDENTITY = "iPhone Developer";
				COPY_PHASE_STRIP = NO;
				DEBUG_INFORMATION_FORMAT = dwarf;
				ENABLE_STRICT_OBJC_MSGSEND = YES;
				ENABLE_TESTABILITY = YES;
				GCC_C_LANGUAGE_STANDARD = gnu11;
				GCC_DYNAMIC_NO_PIC = NO;
				GCC_NO_COMMON_BLOCKS = YES;
				GCC_OPTIMIZATION_LEVEL = 0;
				GCC_PREPROCESSOR_DEFINITIONS = (
					"DEBUG=1",
					"$(inherited)",
				);
				GCC_WARN_64_TO_32_BIT_CONVERSION = YES;
				GCC_WARN_ABOUT_RETURN_TYPE = YES_ERROR;
				GCC_WARN_UNDECLARED_SELECTOR = YES;
				GCC_WARN_UNINITIALIZED_AUTOS = YES_AGGRESSIVE;
				GCC_WARN_UNUSED_FUNCTION = YES;
				GCC_WARN_UNUSED_VARIABLE = YES;
				IPHONEOS_DEPLOYMENT_TARGET = 12.1;
				MTL_ENABLE_DEBUG_INFO = INCLUDE_SOURCE;
				MTL_FAST_MATH = YES;
				ONLY_ACTIVE_ARCH = YES;
				SDKROOT = iphoneos;
				SWIFT_ACTIVE_COMPILATION_CONDITIONS = DEBUG;
				SWIFT_OPTIMIZATION_LEVEL = "-Onone";
			};
			name = Debug;
		};
		D46CA19B21C4C31C009562E0 /* Release */ = {
			isa = XCBuildConfiguration;
			buildSettings = {
				ALWAYS_SEARCH_USER_PATHS = NO;
				CLANG_ANALYZER_NONNULL = YES;
				CLANG_ANALYZER_NUMBER_OBJECT_CONVERSION = YES_AGGRESSIVE;
				CLANG_CXX_LANGUAGE_STANDARD = "gnu++14";
				CLANG_CXX_LIBRARY = "libc++";
				CLANG_ENABLE_MODULES = YES;
				CLANG_ENABLE_OBJC_ARC = YES;
				CLANG_ENABLE_OBJC_WEAK = YES;
				CLANG_WARN_BLOCK_CAPTURE_AUTORELEASING = YES;
				CLANG_WARN_BOOL_CONVERSION = YES;
				CLANG_WARN_COMMA = YES;
				CLANG_WARN_CONSTANT_CONVERSION = YES;
				CLANG_WARN_DEPRECATED_OBJC_IMPLEMENTATIONS = YES;
				CLANG_WARN_DIRECT_OBJC_ISA_USAGE = YES_ERROR;
				CLANG_WARN_DOCUMENTATION_COMMENTS = YES;
				CLANG_WARN_EMPTY_BODY = YES;
				CLANG_WARN_ENUM_CONVERSION = YES;
				CLANG_WARN_INFINITE_RECURSION = YES;
				CLANG_WARN_INT_CONVERSION = YES;
				CLANG_WARN_NON_LITERAL_NULL_CONVERSION = YES;
				CLANG_WARN_OBJC_IMPLICIT_RETAIN_SELF = YES;
				CLANG_WARN_OBJC_LITERAL_CONVERSION = YES;
				CLANG_WARN_OBJC_ROOT_CLASS = YES_ERROR;
				CLANG_WARN_RANGE_LOOP_ANALYSIS = YES;
				CLANG_WARN_STRICT_PROTOTYPES = YES;
				CLANG_WARN_SUSPICIOUS_MOVE = YES;
				CLANG_WARN_UNGUARDED_AVAILABILITY = YES_AGGRESSIVE;
				CLANG_WARN_UNREACHABLE_CODE = YES;
				CLANG_WARN__DUPLICATE_METHOD_MATCH = YES;
				CODE_SIGN_IDENTITY = "iPhone Developer";
				COPY_PHASE_STRIP = NO;
				DEBUG_INFORMATION_FORMAT = "dwarf-with-dsym";
				ENABLE_NS_ASSERTIONS = NO;
				ENABLE_STRICT_OBJC_MSGSEND = YES;
				GCC_C_LANGUAGE_STANDARD = gnu11;
				GCC_NO_COMMON_BLOCKS = YES;
				GCC_WARN_64_TO_32_BIT_CONVERSION = YES;
				GCC_WARN_ABOUT_RETURN_TYPE = YES_ERROR;
				GCC_WARN_UNDECLARED_SELECTOR = YES;
				GCC_WARN_UNINITIALIZED_AUTOS = YES_AGGRESSIVE;
				GCC_WARN_UNUSED_FUNCTION = YES;
				GCC_WARN_UNUSED_VARIABLE = YES;
				IPHONEOS_DEPLOYMENT_TARGET = 12.1;
				MTL_ENABLE_DEBUG_INFO = NO;
				MTL_FAST_MATH = YES;
				SDKROOT = iphoneos;
				SWIFT_COMPILATION_MODE = wholemodule;
				SWIFT_OPTIMIZATION_LEVEL = "-O";
				VALIDATE_PRODUCT = YES;
			};
			name = Release;
		};
		D46CA19D21C4C31C009562E0 /* Debug */ = {
			isa = XCBuildConfiguration;
			baseConfigurationReference = A86A060985744965C2466D5E /* Pods-ConvertingImage.debug.xcconfig */;
			buildSettings = {
				ASSETCATALOG_COMPILER_APPICON_NAME = AppIcon;
				CODE_SIGN_STYLE = Automatic;
				DEVELOPMENT_TEAM = S7D5HM735C;
				INFOPLIST_FILE = ConvertingImage/Info.plist;
				IPHONEOS_DEPLOYMENT_TARGET = 12.0;
				LD_RUNPATH_SEARCH_PATHS = (
					"$(inherited)",
					"@executable_path/Frameworks",
				);
				PRODUCT_BUNDLE_IDENTIFIER = com.46kuro.ConvertingImage;
				PRODUCT_NAME = "$(TARGET_NAME)";
				SWIFT_VERSION = 4.2;
				TARGETED_DEVICE_FAMILY = "1,2";
			};
			name = Debug;
		};
		D46CA19E21C4C31C009562E0 /* Release */ = {
			isa = XCBuildConfiguration;
			baseConfigurationReference = 7C30726C6DCFD06806425B96 /* Pods-ConvertingImage.release.xcconfig */;
			buildSettings = {
				ASSETCATALOG_COMPILER_APPICON_NAME = AppIcon;
				CODE_SIGN_STYLE = Automatic;
				DEVELOPMENT_TEAM = S7D5HM735C;
				INFOPLIST_FILE = ConvertingImage/Info.plist;
				IPHONEOS_DEPLOYMENT_TARGET = 12.0;
				LD_RUNPATH_SEARCH_PATHS = (
					"$(inherited)",
					"@executable_path/Frameworks",
				);
				PRODUCT_BUNDLE_IDENTIFIER = com.46kuro.ConvertingImage;
				PRODUCT_NAME = "$(TARGET_NAME)";
				SWIFT_VERSION = 4.2;
				TARGETED_DEVICE_FAMILY = "1,2";
			};
			name = Release;
		};
		D46CA1A021C4C31C009562E0 /* Debug */ = {
			isa = XCBuildConfiguration;
			baseConfigurationReference = 939F289384A0A952C36CCBC8 /* Pods-ConvertingImageTests.debug.xcconfig */;
			buildSettings = {
				ALWAYS_EMBED_SWIFT_STANDARD_LIBRARIES = YES;
				BUNDLE_LOADER = "$(TEST_HOST)";
				CODE_SIGN_STYLE = Automatic;
				DEVELOPMENT_TEAM = S7D5HM735C;
				INFOPLIST_FILE = ConvertingImageTests/Info.plist;
				LD_RUNPATH_SEARCH_PATHS = (
					"$(inherited)",
					"@executable_path/Frameworks",
					"@loader_path/Frameworks",
				);
				PRODUCT_BUNDLE_IDENTIFIER = com.46kuro.ConvertingImageTests;
				PRODUCT_NAME = "$(TARGET_NAME)";
				SWIFT_VERSION = 4.2;
				TARGETED_DEVICE_FAMILY = "1,2";
				TEST_HOST = "$(BUILT_PRODUCTS_DIR)/ConvertingImage.app/ConvertingImage";
			};
			name = Debug;
		};
		D46CA1A121C4C31C009562E0 /* Release */ = {
			isa = XCBuildConfiguration;
			baseConfigurationReference = D54A4AB1AC1745390203C0D9 /* Pods-ConvertingImageTests.release.xcconfig */;
			buildSettings = {
				ALWAYS_EMBED_SWIFT_STANDARD_LIBRARIES = YES;
				BUNDLE_LOADER = "$(TEST_HOST)";
				CODE_SIGN_STYLE = Automatic;
				DEVELOPMENT_TEAM = S7D5HM735C;
				INFOPLIST_FILE = ConvertingImageTests/Info.plist;
				LD_RUNPATH_SEARCH_PATHS = (
					"$(inherited)",
					"@executable_path/Frameworks",
					"@loader_path/Frameworks",
				);
				PRODUCT_BUNDLE_IDENTIFIER = com.46kuro.ConvertingImageTests;
				PRODUCT_NAME = "$(TARGET_NAME)";
				SWIFT_VERSION = 4.2;
				TARGETED_DEVICE_FAMILY = "1,2";
				TEST_HOST = "$(BUILT_PRODUCTS_DIR)/ConvertingImage.app/ConvertingImage";
			};
			name = Release;
		};
/* End XCBuildConfiguration section */

/* Begin XCConfigurationList section */
		D46CA17A21C4C319009562E0 /* Build configuration list for PBXProject "ConvertingImage" */ = {
			isa = XCConfigurationList;
			buildConfigurations = (
				D46CA19A21C4C31C009562E0 /* Debug */,
				D46CA19B21C4C31C009562E0 /* Release */,
			);
			defaultConfigurationIsVisible = 0;
			defaultConfigurationName = Release;
		};
		D46CA19C21C4C31C009562E0 /* Build configuration list for PBXNativeTarget "ConvertingImage" */ = {
			isa = XCConfigurationList;
			buildConfigurations = (
				D46CA19D21C4C31C009562E0 /* Debug */,
				D46CA19E21C4C31C009562E0 /* Release */,
			);
			defaultConfigurationIsVisible = 0;
			defaultConfigurationName = Release;
		};
		D46CA19F21C4C31C009562E0 /* Build configuration list for PBXNativeTarget "ConvertingImageTests" */ = {
			isa = XCConfigurationList;
			buildConfigurations = (
				D46CA1A021C4C31C009562E0 /* Debug */,
				D46CA1A121C4C31C009562E0 /* Release */,
			);
			defaultConfigurationIsVisible = 0;
			defaultConfigurationName = Release;
		};
/* End XCConfigurationList section */
	};
	rootObject = D46CA17721C4C319009562E0 /* Project object */;
}
